PODS:
  - Alamofire (4.9.1)
  - ModelProtocol (0.0.1):
    - SwiftyJSON (~> 4.0.0)
  - NetworkMoudle (0.0.3):
    - Alamofire (~> 4.9.1)
    - ModelProtocol (~> 0.0.1)
    - RxCocoa (~> 5.1.1)
    - RxSwift (~> 5.1.1)
  - RxCocoa (5.1.1):
    - RxRelay (~> 5)
    - RxSwift (~> 5)
  - RxRelay (5.1.1):
    - RxSwift (~> 5)
  - RxSwift (5.1.1)
  - SwiftyJSON (4.0.0)

DEPENDENCIES:
  - NetworkMoudle (from `../`)

SPEC REPOS:
  trunk:
    - Alamofire
    - ModelProtocol
    - RxCocoa
    - RxRelay
    - RxSwift
    - SwiftyJSON

EXTERNAL SOURCES:
  NetworkMoudle:
    :path: "../"

SPEC CHECKSUMS:
  Alamofire: 85e8a02c69d6020a0d734f6054870d7ecb75cf18
  ModelProtocol: d837eacfe2d501da88c75800df98d60f5367f0ac
  NetworkMoudle: 1397a6c51e667a8499523c6b220fdf76196961df
  RxCocoa: 32065309a38d29b5b0db858819b5bf9ef038b601
  RxRelay: d77f7d771495f43c556cbc43eebd1bb54d01e8e9
  RxSwift: 81470a2074fa8780320ea5fe4102807cb7118178
  SwiftyJSON: 070dabdcb1beb81b247c65ffa3a79dbbfb3b48aa

PODFILE CHECKSUM: 191fb9fc2da367297b447e6058da3a735412b269

COCOAPODS: 1.9.3
