PODS:
  - Alamofire (4.9.1)
  - ModelProtocol (0.1.0):
    - SwiftyJSON (~> 4.2.0)
  - NetworkMoudle (0.0.5):
    - Alamofire (~> 4.9.1)
    - ModelProtocol (~> 0.1.0)
    - RxCocoa (~> 5.1.1)
    - RxSwift (~> 5.1.1)
  - RxCocoa (5.1.1):
    - RxRelay (~> 5)
    - RxSwift (~> 5)
  - RxRelay (5.1.1):
    - RxSwift (~> 5)
  - RxSwift (5.1.1)
  - SwiftyJSON (4.2.0)

DEPENDENCIES:
  - NetworkMoudle (from `../`)

SPEC REPOS:
  trunk:
    - Alamofire
    - ModelProtocol
    - RxCocoa
    - RxRelay
    - RxSwift
    - SwiftyJSON

EXTERNAL SOURCES:
  NetworkMoudle:
    :path: "../"

SPEC CHECKSUMS:
  Alamofire: 85e8a02c69d6020a0d734f6054870d7ecb75cf18
  ModelProtocol: e7be7d227c0ff494fcfef75a616af637f0f81f4b
  NetworkMoudle: 28563a262aafff3f1e07a93f9e9c4a4f3a701ee7
  RxCocoa: 32065309a38d29b5b0db858819b5bf9ef038b601
  RxRelay: d77f7d771495f43c556cbc43eebd1bb54d01e8e9
  RxSwift: 81470a2074fa8780320ea5fe4102807cb7118178
  SwiftyJSON: c4bcba26dd9ec7a027fc8eade48e2c911f229e96

PODFILE CHECKSUM: 191fb9fc2da367297b447e6058da3a735412b269

COCOAPODS: 1.9.3
